
Microsoft Visual Studio Solution File, Format Version 12.00
# Visual Studio Version 17
VisualStudioVersion = 17.0.31903.59
MinimumVisualStudioVersion = 10.0.40219.1
Project("{FAE04EC0-301F-11D3-BF4B-00C04F79EFBC}") = "WebAPI.WebApi", "WebAPI.WebApi\WebAPI.WebApi.csproj", "{049BE435-16DE-4B47-A704-718B485686F4}"
EndProject
Project("{FAE04EC0-301F-11D3-BF4B-00C04F79EFBC}") = "WebAPI.WebApi.Test", "WebAPI.WebApi.Test\WebAPI.WebApi.Test.csproj", "{2C2EB821-9A4E-4644-9C36-0FA3686D3713}"
EndProject
Global
	GlobalSection(SolutionConfigurationPlatforms) = preSolution
		Debug|Any CPU = Debug|Any CPU
		Release|Any CPU = Release|Any CPU
	EndGlobalSection
	GlobalSection(ProjectConfigurationPlatforms) = postSolution
		{049BE435-16DE-4B47-A704-718B485686F4}.Debug|Any CPU.ActiveCfg = Debug|Any CPU
		{049BE435-16DE-4B47-A704-718B485686F4}.Debug|Any CPU.Build.0 = Debug|Any CPU
		{049BE435-16DE-4B47-A704-718B485686F4}.Release|Any CPU.ActiveCfg = Release|Any CPU
		{049BE435-16DE-4B47-A704-718B485686F4}.Release|Any CPU.Build.0 = Release|Any CPU
		{2C2EB821-9A4E-4644-9C36-0FA3686D3713}.Debug|Any CPU.ActiveCfg = Debug|Any CPU
		{2C2EB821-9A4E-4644-9C36-0FA3686D3713}.Debug|Any CPU.Build.0 = Debug|Any CPU
		{2C2EB821-9A4E-4644-9C36-0FA3686D3713}.Release|Any CPU.ActiveCfg = Release|Any CPU
		{2C2EB821-9A4E-4644-9C36-0FA3686D3713}.Release|Any CPU.Build.0 = Release|Any CPU
	EndGlobalSection
	GlobalSection(SolutionProperties) = preSolution
		HideSolutionNode = FALSE
	EndGlobalSection
EndGlobal
